
Microsoft Visual Studio Solution File, Format Version 12.00
# Visual Studio 15
VisualStudioVersion = 15.0.28010.2003
MinimumVisualStudioVersion = 10.0.40219.1
Project("{8BC9CEB8-8B4A-11D0-8D11-00A0C91BC942}") = "SoftwareRendererV3", "SoftwareRendererV3\SoftwareRendererV3.vcxproj", "{EA5B4430-3A79-4172-91CA-75AB19C2FD50}"
EndProject
Global
	GlobalSection(SolutionConfigurationPlatforms) = preSolution
		Debug|x64 = Debug|x64
		Debug|x86 = Debug|x86
		Release|x64 = Release|x64
		Release|x86 = Release|x86
	EndGlobalSection
	GlobalSection(ProjectConfigurationPlatforms) = postSolution
		{EA5B4430-3A79-4172-91CA-75AB19C2FD50}.Debug|x64.ActiveCfg = Debug|x64
		{EA5B4430-3A79-4172-91CA-75AB19C2FD50}.Debug|x64.Build.0 = Debug|x64
		{EA5B4430-3A79-4172-91CA-75AB19C2FD50}.Debug|x86.ActiveCfg = Debug|Win32
		{EA5B4430-3A79-4172-91CA-75AB19C2FD50}.Debug|x86.Build.0 = Debug|Win32
		{EA5B4430-3A79-4172-91CA-75AB19C2FD50}.Release|x64.ActiveCfg = Release|x64
		{EA5B4430-3A79-4172-91CA-75AB19C2FD50}.Release|x64.Build.0 = Release|x64
		{EA5B4430-3A79-4172-91CA-75AB19C2FD50}.Release|x86.ActiveCfg = Release|Win32
		{EA5B4430-3A79-4172-91CA-75AB19C2FD50}.Release|x86.Build.0 = Release|Win32
	EndGlobalSection
	GlobalSection(SolutionProperties) = preSolution
		HideSolutionNode = FALSE
	EndGlobalSection
	GlobalSection(ExtensibilityGlobals) = postSolution
		SolutionGuid = {4E95F6F5-2B13-4B6B-81B6-52652AFD0925}
	EndGlobalSection
EndGlobal
